
Microsoft Visual Studio Solution File, Format Version 12.00
# Visual Studio Version 16
VisualStudioVersion = 16.0.30804.86
MinimumVisualStudioVersion = 10.0.40219.1
Project("{F184B08F-C81C-45F6-A57F-5ABD9991F28F}") = "wpContacts Session Outlook Add-In", "wpContacts Session Outlook Add-In\wpContacts Session Outlook Add-In.vbproj", "{5DFB96D8-5185-4864-9D91-3F7E40FA2245}"
EndProject
Project("{930C7802-8A8C-48F9-8165-68863BCCD9DD}") = "wpContacts Session Outlook Add-In Setup", "wpContacts Session Outlook Add-In Setup\wpContacts Session Outlook Add-In Setup.wixproj", "{3DC4A596-F148-495E-9D7D-40A468E34AF0}"
EndProject
Project("{2150E333-8FDC-42A3-9474-1A3956D46DE8}") = "Solution Items", "Solution Items", "{DEE64580-F4FD-4184-BB07-D3C2C38C51EB}"
	ProjectSection(SolutionItems) = preProject
		README.md = README.md
	EndProjectSection
EndProject
Global
	GlobalSection(SolutionConfigurationPlatforms) = preSolution
		Debug|Any CPU = Debug|Any CPU
		Debug|x86 = Debug|x86
		DefaultBuild|Any CPU = DefaultBuild|Any CPU
		DefaultBuild|x86 = DefaultBuild|x86
		Release|Any CPU = Release|Any CPU
		Release|x86 = Release|x86
		SetupBuild|Any CPU = SetupBuild|Any CPU
		SetupBuild|x86 = SetupBuild|x86
	EndGlobalSection
	GlobalSection(ProjectConfigurationPlatforms) = postSolution
		{5DFB96D8-5185-4864-9D91-3F7E40FA2245}.Debug|Any CPU.ActiveCfg = Debug|Any CPU
		{5DFB96D8-5185-4864-9D91-3F7E40FA2245}.Debug|Any CPU.Build.0 = Debug|Any CPU
		{5DFB96D8-5185-4864-9D91-3F7E40FA2245}.Debug|x86.ActiveCfg = Debug|Any CPU
		{5DFB96D8-5185-4864-9D91-3F7E40FA2245}.Debug|x86.Build.0 = Debug|Any CPU
		{5DFB96D8-5185-4864-9D91-3F7E40FA2245}.DefaultBuild|Any CPU.ActiveCfg = Debug|Any CPU
		{5DFB96D8-5185-4864-9D91-3F7E40FA2245}.DefaultBuild|Any CPU.Build.0 = Debug|Any CPU
		{5DFB96D8-5185-4864-9D91-3F7E40FA2245}.DefaultBuild|x86.ActiveCfg = Debug|Any CPU
		{5DFB96D8-5185-4864-9D91-3F7E40FA2245}.DefaultBuild|x86.Build.0 = Debug|Any CPU
		{5DFB96D8-5185-4864-9D91-3F7E40FA2245}.Release|Any CPU.ActiveCfg = Release|Any CPU
		{5DFB96D8-5185-4864-9D91-3F7E40FA2245}.Release|Any CPU.Build.0 = Release|Any CPU
		{5DFB96D8-5185-4864-9D91-3F7E40FA2245}.Release|x86.ActiveCfg = Release|Any CPU
		{5DFB96D8-5185-4864-9D91-3F7E40FA2245}.Release|x86.Build.0 = Release|Any CPU
		{5DFB96D8-5185-4864-9D91-3F7E40FA2245}.SetupBuild|Any CPU.ActiveCfg = Release|Any CPU
		{5DFB96D8-5185-4864-9D91-3F7E40FA2245}.SetupBuild|x86.ActiveCfg = SetupBuild|Any CPU
		{5DFB96D8-5185-4864-9D91-3F7E40FA2245}.SetupBuild|x86.Build.0 = SetupBuild|Any CPU
		{3DC4A596-F148-495E-9D7D-40A468E34AF0}.Debug|Any CPU.ActiveCfg = Debug|x86
		{3DC4A596-F148-495E-9D7D-40A468E34AF0}.Debug|x86.ActiveCfg = Debug|x86
		{3DC4A596-F148-495E-9D7D-40A468E34AF0}.Debug|x86.Build.0 = Debug|x86
		{3DC4A596-F148-495E-9D7D-40A468E34AF0}.DefaultBuild|Any CPU.ActiveCfg = Debug|x86
		{3DC4A596-F148-495E-9D7D-40A468E34AF0}.DefaultBuild|Any CPU.Build.0 = Debug|x86
		{3DC4A596-F148-495E-9D7D-40A468E34AF0}.DefaultBuild|x86.ActiveCfg = Debug|x86
		{3DC4A596-F148-495E-9D7D-40A468E34AF0}.DefaultBuild|x86.Build.0 = Debug|x86
		{3DC4A596-F148-495E-9D7D-40A468E34AF0}.Release|Any CPU.ActiveCfg = Release|x86
		{3DC4A596-F148-495E-9D7D-40A468E34AF0}.Release|Any CPU.Build.0 = Release|x86
		{3DC4A596-F148-495E-9D7D-40A468E34AF0}.Release|x86.ActiveCfg = Release|x86
		{3DC4A596-F148-495E-9D7D-40A468E34AF0}.Release|x86.Build.0 = Release|x86
		{3DC4A596-F148-495E-9D7D-40A468E34AF0}.SetupBuild|Any CPU.ActiveCfg = Release|x86
		{3DC4A596-F148-495E-9D7D-40A468E34AF0}.SetupBuild|Any CPU.Build.0 = Release|x86
		{3DC4A596-F148-495E-9D7D-40A468E34AF0}.SetupBuild|x86.ActiveCfg = Release|x86
		{3DC4A596-F148-495E-9D7D-40A468E34AF0}.SetupBuild|x86.Build.0 = Release|x86
	EndGlobalSection
	GlobalSection(SolutionProperties) = preSolution
		HideSolutionNode = FALSE
	EndGlobalSection
	GlobalSection(ExtensibilityGlobals) = postSolution
		SolutionGuid = {DBBEA14A-A962-4521-961A-7BAF2468BC85}
	EndGlobalSection
EndGlobal
